
Microsoft Visual Studio Solution File, Format Version 12.00
Project("{FAE04EC0-301F-11D3-BF4B-00C04F79EFBC}") = "NZWalks.API", "NZWalks.API\NZWalks.API.csproj", "{173A8B95-D546-48E9-BCD4-F7FF41A380B9}"
EndProject
Project("{2150E333-8FDC-42A3-9474-1A3956D46DE8}") = "common", "common", "{58F41F2F-3D6D-4F2B-ABF9-551006CB896A}"
	ProjectSection(SolutionItems) = preProject
		NZWalks.http = NZWalks.http
		README.md = README.md
		Directory.Packages.props = Directory.Packages.props
	EndProjectSection
EndProject
Project("{2150E333-8FDC-42A3-9474-1A3956D46DE8}") = "src", "src", "{9D482313-B23E-4466-A6C1-4B194002922D}"
EndProject
Project("{2150E333-8FDC-42A3-9474-1A3956D46DE8}") = "tests", "tests", "{2FB02060-B447-4D7A-A6E4-2986A2A1C359}"
EndProject
Project("{FAE04EC0-301F-11D3-BF4B-00C04F79EFBC}") = "NZWalks.Application", " NZWalks.Application\NZWalks.Application.csproj", "{8D4E7E78-6778-4F85-9ABB-1BB59B5B3093}"
EndProject
Project("{FAE04EC0-301F-11D3-BF4B-00C04F79EFBC}") = "NZWalks.Domain", "NZWalks.Domain\NZWalks.Domain.csproj", "{84C71794-3E7F-478E-81C0-40DEF4166B71}"
EndProject
Project("{FAE04EC0-301F-11D3-BF4B-00C04F79EFBC}") = "NZWalks.Infrastructure", "NZWalks.Infrastructure\NZWalks.Infrastructure.csproj", "{A0FB01C7-1091-4C87-B4AB-142D9BD16ACC}"
EndProject
Global
	GlobalSection(SolutionConfigurationPlatforms) = preSolution
		Debug|Any CPU = Debug|Any CPU
		Release|Any CPU = Release|Any CPU
	EndGlobalSection
	GlobalSection(ProjectConfigurationPlatforms) = postSolution
		{173A8B95-D546-48E9-BCD4-F7FF41A380B9}.Debug|Any CPU.ActiveCfg = Debug|Any CPU
		{173A8B95-D546-48E9-BCD4-F7FF41A380B9}.Debug|Any CPU.Build.0 = Debug|Any CPU
		{173A8B95-D546-48E9-BCD4-F7FF41A380B9}.Release|Any CPU.ActiveCfg = Release|Any CPU
		{173A8B95-D546-48E9-BCD4-F7FF41A380B9}.Release|Any CPU.Build.0 = Release|Any CPU
		{8D4E7E78-6778-4F85-9ABB-1BB59B5B3093}.Debug|Any CPU.ActiveCfg = Debug|Any CPU
		{8D4E7E78-6778-4F85-9ABB-1BB59B5B3093}.Debug|Any CPU.Build.0 = Debug|Any CPU
		{8D4E7E78-6778-4F85-9ABB-1BB59B5B3093}.Release|Any CPU.ActiveCfg = Release|Any CPU
		{8D4E7E78-6778-4F85-9ABB-1BB59B5B3093}.Release|Any CPU.Build.0 = Release|Any CPU
		{84C71794-3E7F-478E-81C0-40DEF4166B71}.Debug|Any CPU.ActiveCfg = Debug|Any CPU
		{84C71794-3E7F-478E-81C0-40DEF4166B71}.Debug|Any CPU.Build.0 = Debug|Any CPU
		{84C71794-3E7F-478E-81C0-40DEF4166B71}.Release|Any CPU.ActiveCfg = Release|Any CPU
		{84C71794-3E7F-478E-81C0-40DEF4166B71}.Release|Any CPU.Build.0 = Release|Any CPU
		{A0FB01C7-1091-4C87-B4AB-142D9BD16ACC}.Debug|Any CPU.ActiveCfg = Debug|Any CPU
		{A0FB01C7-1091-4C87-B4AB-142D9BD16ACC}.Debug|Any CPU.Build.0 = Debug|Any CPU
		{A0FB01C7-1091-4C87-B4AB-142D9BD16ACC}.Release|Any CPU.ActiveCfg = Release|Any CPU
		{A0FB01C7-1091-4C87-B4AB-142D9BD16ACC}.Release|Any CPU.Build.0 = Release|Any CPU
	EndGlobalSection
	GlobalSection(NestedProjects) = preSolution
		{173A8B95-D546-48E9-BCD4-F7FF41A380B9} = {9D482313-B23E-4466-A6C1-4B194002922D}
		{8D4E7E78-6778-4F85-9ABB-1BB59B5B3093} = {9D482313-B23E-4466-A6C1-4B194002922D}
		{84C71794-3E7F-478E-81C0-40DEF4166B71} = {9D482313-B23E-4466-A6C1-4B194002922D}
		{A0FB01C7-1091-4C87-B4AB-142D9BD16ACC} = {9D482313-B23E-4466-A6C1-4B194002922D}
	EndGlobalSection
EndGlobal
